# This file is generated by running "yarn install" inside your project.
# Manual changes might be lost - proceed with caution!

__metadata:
  version: 9
  cacheKey: 10c0

"@emnapi/core@npm:1.10.0":
  version: 1.10.0
  resolution: "@emnapi/core@npm:1.10.0"
  dependencies:
    "@emnapi/wasi-threads": "npm:1.2.1"
    tslib: "npm:^2.4.0"
  checksum: 10c0/f51d08227857b60632de7714d708124f0e100a1462dde6df8221760939aa3204a73193830371830fac0716f3ccd2129f2cac1b17cd7d7958bc4da9018a296edb
  languageName: node
  linkType: hard

"@emnapi/runtime@npm:1.10.0":
  version: 1.10.0
  resolution: "@emnapi/runtime@npm:1.10.0"
  dependencies:
    tslib: "npm:^2.4.0"
  checksum: 10c0/953f14991d1aefb92ee6f8eb27dea725e484791a53a0cb5f47d9e0087b9a2c929ff2e92adf95af15d6ad456db6300c6b761ebf72b50a875b874a83520b3ba093
  languageName: node
  linkType: hard

"@emnapi/wasi-threads@npm:1.2.1":
  version: 1.2.1
  resolution: "@emnapi/wasi-threads@npm:1.2.1"
  dependencies:
    tslib: "npm:^2.4.0"
  checksum: 10c0/32fcfa81ab396533b2ec1f4082b1ff779a05d9c836bbbd3f4398405b0e6814c0d9503b7993130e37bc6941dbc1ded49f55e9700ae9ca4e803bab2b5bc5deb331
  languageName: node
  linkType: hard

"@keyv/serialize@npm:^1.1.1":
  version: 1.1.1
  resolution: "@keyv/serialize@npm:1.1.1"
  checksum: 10c0/b0008cae4a54400c3abf587b8cc2474c6f528ee58969ce6cf9cb07a04006f80c73c85971d6be6544408318a2bc40108236a19a82aea0a6de95aae49533317374
  languageName: node
  linkType: hard

"@napi-rs/wasm-runtime@npm:1.1.4":
  version: 1.1.4
  resolution: "@napi-rs/wasm-runtime@npm:1.1.4"
  dependencies:
    "@tybys/wasm-util": "npm:^0.10.1"
  peerDependencies:
    "@emnapi/core": ^1.7.1
    "@emnapi/runtime": ^1.7.1
  checksum: 10c0/2e88e1955258949ccf2d18c79975821ad38071b465ef126a5e14110977b97868867b016c1ad046e963cccc42c0bd9db6c8ff5fd1ebb61b87bb3487f339041658
  languageName: node
  linkType: hard

"@rsbuild/core@npm:^2.0.3":
  version: 2.0.3
  resolution: "@rsbuild/core@npm:2.0.3"
  dependencies:
    "@rspack/core": "npm:~2.0.1"
    "@swc/helpers": "npm:^0.5.21"
  peerDependencies:
    core-js: ">= 3.0.0"
  peerDependenciesMeta:
    core-js:
      optional: true
  bin:
    rsbuild: bin/rsbuild.js
  checksum: 10c0/d0601eb5e7341f995225b585c30887f979e29a39b22a9525655582a51d9ac531f5427571b2ffaef4e800154040d83340e3b386ed0802f7f27bfe1d85a263b604
  languageName: node
  linkType: hard

"@rspack/binding-darwin-arm64@npm:2.0.1":
  version: 2.0.1
  resolution: "@rspack/binding-darwin-arm64@npm:2.0.1"
  conditions: os=darwin & cpu=arm64
  languageName: node
  linkType: hard

"@rspack/binding-darwin-x64@npm:2.0.1":
  version: 2.0.1
  resolution: "@rspack/binding-darwin-x64@npm:2.0.1"
  conditions: os=darwin & cpu=x64
  languageName: node
  linkType: hard

"@rspack/binding-linux-arm64-gnu@npm:2.0.1":
  version: 2.0.1
  resolution: "@rspack/binding-linux-arm64-gnu@npm:2.0.1"
  conditions: os=linux & cpu=arm64 & libc=glibc
  languageName: node
  linkType: hard

"@rspack/binding-linux-arm64-musl@npm:2.0.1":
  version: 2.0.1
  resolution: "@rspack/binding-linux-arm64-musl@npm:2.0.1"
  conditions: os=linux & cpu=arm64 & libc=musl
  languageName: node
  linkType: hard

"@rspack/binding-linux-x64-gnu@npm:2.0.1":
  version: 2.0.1
  resolution: "@rspack/binding-linux-x64-gnu@npm:2.0.1"
  conditions: os=linux & cpu=x64 & libc=glibc
  languageName: node
  linkType: hard

"@rspack/binding-linux-x64-musl@npm:2.0.1":
  version: 2.0.1
  resolution: "@rspack/binding-linux-x64-musl@npm:2.0.1"
  conditions: os=linux & cpu=x64 & libc=musl
  languageName: node
  linkType: hard

"@rspack/binding-wasm32-wasi@npm:2.0.1":
  version: 2.0.1
  resolution: "@rspack/binding-wasm32-wasi@npm:2.0.1"
  dependencies:
    "@emnapi/core": "npm:1.10.0"
    "@emnapi/runtime": "npm:1.10.0"
    "@napi-rs/wasm-runtime": "npm:1.1.4"
  conditions: cpu=wasm32
  languageName: node
  linkType: hard

"@rspack/binding-win32-arm64-msvc@npm:2.0.1":
  version: 2.0.1
  resolution: "@rspack/binding-win32-arm64-msvc@npm:2.0.1"
  conditions: os=win32 & cpu=arm64
  languageName: node
  linkType: hard

"@rspack/binding-win32-ia32-msvc@npm:2.0.1":
  version: 2.0.1
  resolution: "@rspack/binding-win32-ia32-msvc@npm:2.0.1"
  conditions: os=win32 & cpu=ia32
  languageName: node
  linkType: hard

"@rspack/binding-win32-x64-msvc@npm:2.0.1":
  version: 2.0.1
  resolution: "@rspack/binding-win32-x64-msvc@npm:2.0.1"
  conditions: os=win32 & cpu=x64
  languageName: node
  linkType: hard

"@rspack/binding@npm:2.0.1":
  version: 2.0.1
  resolution: "@rspack/binding@npm:2.0.1"
  dependencies:
    "@rspack/binding-darwin-arm64": "npm:2.0.1"
    "@rspack/binding-darwin-x64": "npm:2.0.1"
    "@rspack/binding-linux-arm64-gnu": "npm:2.0.1"
    "@rspack/binding-linux-arm64-musl": "npm:2.0.1"
    "@rspack/binding-linux-x64-gnu": "npm:2.0.1"
    "@rspack/binding-linux-x64-musl": "npm:2.0.1"
    "@rspack/binding-wasm32-wasi": "npm:2.0.1"
    "@rspack/binding-win32-arm64-msvc": "npm:2.0.1"
    "@rspack/binding-win32-ia32-msvc": "npm:2.0.1"
    "@rspack/binding-win32-x64-msvc": "npm:2.0.1"
  dependenciesMeta:
    "@rspack/binding-darwin-arm64":
      optional: true
    "@rspack/binding-darwin-x64":
      optional: true
    "@rspack/binding-linux-arm64-gnu":
      optional: true
    "@rspack/binding-linux-arm64-musl":
      optional: true
    "@rspack/binding-linux-x64-gnu":
      optional: true
    "@rspack/binding-linux-x64-musl":
      optional: true
    "@rspack/binding-wasm32-wasi":
      optional: true
    "@rspack/binding-win32-arm64-msvc":
      optional: true
    "@rspack/binding-win32-ia32-msvc":
      optional: true
    "@rspack/binding-win32-x64-msvc":
      optional: true
  checksum: 10c0/f31f9662a70852db3934836decf83bc4088ab6f46db41d8e927f1c23fd5a356fedb0535a1880ace464b9a304478df8d7901e6a6675e1c9eff962eb7988f83e9b
  languageName: node
  linkType: hard

"@rspack/core@npm:~2.0.1":
  version: 2.0.1
  resolution: "@rspack/core@npm:2.0.1"
  dependencies:
    "@rspack/binding": "npm:2.0.1"
  peerDependencies:
    "@module-federation/runtime-tools": ^0.24.1 || ^2.0.0
    "@swc/helpers": ">=0.5.1"
  peerDependenciesMeta:
    "@module-federation/runtime-tools":
      optional: true
    "@swc/helpers":
      optional: true
  checksum: 10c0/c6346659645a58d81309adbb2981a56f3b010fedee95ce07bfcb658a09a927fda0b6f269b00fe165a87b7c93b06103e710bf5f435d24f512869f17bc91f23d8b
  languageName: node
  linkType: hard

"@rstest/core@npm:0.9.10":
  version: 0.9.10
  resolution: "@rstest/core@npm:0.9.10"
  dependencies:
    "@rsbuild/core": "npm:^2.0.3"
    "@types/chai": "npm:^5.2.3"
    tinypool: "npm:^2.1.0"
  peerDependencies:
    happy-dom: ^20.8.3
    jsdom: "*"
  peerDependenciesMeta:
    happy-dom:
      optional: true
    jsdom:
      optional: true
  bin:
    rstest: bin/rstest.js
  checksum: 10c0/b2bf7d396aa82a70dda45277f09f683f8bdef90fdb9e3e2198d117675f45e9023be7a8a5f1d8bd6b06dffe8e1879168cf8af3d6a3c0789b7642618d4728c15be
  languageName: node
  linkType: hard

"@sec-ant/readable-stream@npm:^0.4.1":
  version: 0.4.1
  resolution: "@sec-ant/readable-stream@npm:0.4.1"
  checksum: 10c0/64e9e9cf161e848067a5bf60cdc04d18495dc28bb63a8d9f8993e4dd99b91ad34e4b563c85de17d91ffb177ec17a0664991d2e115f6543e73236a906068987af
  languageName: node
  linkType: hard

"@sindresorhus/is@npm:^7.0.1":
  version: 7.0.1
  resolution: "@sindresorhus/is@npm:7.0.1"
  checksum: 10c0/6d43a916d70d9b64066394c272883869b22faf21f4748aaf399c1b691ea704ea607d1668ff2eb5704e5be8809c4a7faafe16be048ce5e1a2ba6e8928b8e3461c
  languageName: node
  linkType: hard

"@swc/helpers@npm:^0.5.21":
  version: 0.5.21
  resolution: "@swc/helpers@npm:0.5.21"
  dependencies:
    tslib: "npm:^2.8.0"
  checksum: 10c0/692018ec8a9f7ea5ea3fe576fea5af1a782c8bc1752fcb60f949b482fb2521609d1d3710908aebae67086f152e57d231d59b08f4653fd20a2e3e0fa4a34e6322
  languageName: node
  linkType: hard

"@tybys/wasm-util@npm:^0.10.1":
  version: 0.10.1
  resolution: "@tybys/wasm-util@npm:0.10.1"
  dependencies:
    tslib: "npm:^2.4.0"
  checksum: 10c0/b255094f293794c6d2289300c5fbcafbb5532a3aed3a5ffd2f8dc1828e639b88d75f6a376dd8f94347a44813fd7a7149d8463477a9a49525c8b2dcaa38c2d1e8
  languageName: node
  linkType: hard

"@types/chai@npm:^5.2.3":
  version: 5.2.3
  resolution: "@types/chai@npm:5.2.3"
  dependencies:
    "@types/deep-eql": "npm:*"
    assertion-error: "npm:^2.0.1"
  checksum: 10c0/e0ef1de3b6f8045a5e473e867c8565788c444271409d155588504840ad1a53611011f85072188c2833941189400228c1745d78323dac13fcede9c2b28bacfb2f
  languageName: node
  linkType: hard

"@types/deep-eql@npm:*":
  version: 4.0.2
  resolution: "@types/deep-eql@npm:4.0.2"
  checksum: 10c0/bf3f811843117900d7084b9d0c852da9a044d12eb40e6de73b552598a6843c21291a8a381b0532644574beecd5e3491c5ff3a0365ab86b15d59862c025384844
  languageName: node
  linkType: hard

"@types/http-cache-semantics@npm:^4.0.4":
  version: 4.0.4
  resolution: "@types/http-cache-semantics@npm:4.0.4"
  checksum: 10c0/51b72568b4b2863e0fe8d6ce8aad72a784b7510d72dc866215642da51d84945a9459fa89f49ec48f1e9a1752e6a78e85a4cda0ded06b1c73e727610c925f9ce6
  languageName: node
  linkType: hard

"accepts@npm:^1.3.8":
  version: 1.3.8
  resolution: "accepts@npm:1.3.8"
  dependencies:
    mime-types: "npm:~2.1.34"
    negotiator: "npm:0.6.3"
  checksum: 10c0/3a35c5f5586cfb9a21163ca47a5f77ac34fa8ceb5d17d2fa2c0d81f41cbd7f8c6fa52c77e2c039acc0f4d09e71abdc51144246900f6bef5e3c4b333f77d89362
  languageName: node
  linkType: hard

"assertion-error@npm:^2.0.1":
  version: 2.0.1
  resolution: "assertion-error@npm:2.0.1"
  checksum: 10c0/bbbcb117ac6480138f8c93cf7f535614282dea9dc828f540cdece85e3c665e8f78958b96afac52f29ff883c72638e6a87d469ecc9fe5bc902df03ed24a55dba8
  languageName: node
  linkType: hard

"byte-counter@npm:^0.1.0":
  version: 0.1.0
  resolution: "byte-counter@npm:0.1.0"
  checksum: 10c0/2e7b9cf902d06a6601f8ab893964a8b6b9e2b2dfc60fcee0d340e50b95aa3dc77c4d34ddf3e63cc374b4e5b1d0d694a942de6fbe8ee95d39418f3fdff666b6a4
  languageName: node
  linkType: hard

"cacheable-lookup@npm:^7.0.0":
  version: 7.0.0
  resolution: "cacheable-lookup@npm:7.0.0"
  checksum: 10c0/63a9c144c5b45cb5549251e3ea774c04d63063b29e469f7584171d059d3a88f650f47869a974e2d07de62116463d742c287a81a625e791539d987115cb081635
  languageName: node
  linkType: hard

"cacheable-request@npm:^13.0.12":
  version: 13.0.12
  resolution: "cacheable-request@npm:13.0.12"
  dependencies:
    "@types/http-cache-semantics": "npm:^4.0.4"
    get-stream: "npm:^9.0.1"
    http-cache-semantics: "npm:^4.2.0"
    keyv: "npm:^5.5.3"
    mimic-response: "npm:^4.0.0"
    normalize-url: "npm:^8.1.0"
    responselike: "npm:^3.0.0"
  checksum: 10c0/ef3b7d7f109767549958ae876532cdd4bc62acc4c6f5cf2cf8c0762fe46d8481c5a253dc9af1d5ad31cb2414386356689f288b46a400d857307ceb1c3ae4157f
  languageName: node
  linkType: hard

"content-disposition@npm:~1.0.1":
  version: 1.0.1
  resolution: "content-disposition@npm:1.0.1"
  checksum: 10c0/bd7ff1fe8d2542d3a2b9a29428cc3591f6ac27bb5595bba2c69664408a68f9538b14cbd92479796ea835b317a09a527c8c7209c4200381dedb0c34d3b658849e
  languageName: node
  linkType: hard

"content-type@npm:^1.0.5":
  version: 1.0.5
  resolution: "content-type@npm:1.0.5"
  checksum: 10c0/b76ebed15c000aee4678c3707e0860cb6abd4e680a598c0a26e17f0bfae723ec9cc2802f0ff1bc6e4d80603719010431d2231018373d4dde10f9ccff9dadf5af
  languageName: node
  linkType: hard

"cookies@npm:~0.9.1":
  version: 0.9.1
  resolution: "cookies@npm:0.9.1"
  dependencies:
    depd: "npm:~2.0.0"
    keygrip: "npm:~1.1.0"
  checksum: 10c0/3ffa1c0e992b62ee119adae4dd2ddd4a89166fa5434cd9bd9ff84ec4d2f14dfe2318a601280abfe32a4f64f884ec9345fb1912e488b002d188d2efa0d3919ba3
  languageName: node
  linkType: hard

"decompress-response@npm:^10.0.0":
  version: 10.0.0
  resolution: "decompress-response@npm:10.0.0"
  dependencies:
    mimic-response: "npm:^4.0.0"
  checksum: 10c0/e8ce13b3f790fbac1e75a7be9ce4f77be62a6e5fcccfd9bd73e9d8b48b9a3b6c1b7b918ecd321095f3839b3bc9b6f6af2b1bd9c905eeddc0d1177d297b073232
  languageName: node
  linkType: hard

"deep-equal@npm:~1.0.1":
  version: 1.0.1
  resolution: "deep-equal@npm:1.0.1"
  checksum: 10c0/bef838ef9824e124d10335deb9c7540bfc9f2f0eab17ad1bb870d0eee83ee4e7e6f6f892e5eebc2bd82759a76676926ad5246180097e28e57752176ff7dae888
  languageName: node
  linkType: hard

"delegates@npm:^1.0.0":
  version: 1.0.0
  resolution: "delegates@npm:1.0.0"
  checksum: 10c0/ba05874b91148e1db4bf254750c042bf2215febd23a6d3cda2e64896aef79745fbd4b9996488bd3cafb39ce19dbce0fd6e3b6665275638befffe1c9b312b91b5
  languageName: node
  linkType: hard

"depd@npm:2.0.0, depd@npm:~2.0.0":
  version: 2.0.0
  resolution: "depd@npm:2.0.0"
  checksum: 10c0/58bd06ec20e19529b06f7ad07ddab60e504d9e0faca4bd23079fac2d279c3594334d736508dc350e06e510aba5e22e4594483b3a6562ce7c17dd797f4cc4ad2c
  languageName: node
  linkType: hard

"depd@npm:~1.1.2":
  version: 1.1.2
  resolution: "depd@npm:1.1.2"
  checksum: 10c0/acb24aaf936ef9a227b6be6d495f0d2eb20108a9a6ad40585c5bda1a897031512fef6484e4fdbb80bd249fdaa82841fa1039f416ece03188e677ba11bcfda249
  languageName: node
  linkType: hard

"destroy@npm:^1.2.0":
  version: 1.2.0
  resolution: "destroy@npm:1.2.0"
  checksum: 10c0/bd7633942f57418f5a3b80d5cb53898127bcf53e24cdf5d5f4396be471417671f0fee48a4ebe9a1e9defbde2a31280011af58a57e090ff822f589b443ed4e643
  languageName: node
  linkType: hard

"ee-first@npm:1.1.1":
  version: 1.1.1
  resolution: "ee-first@npm:1.1.1"
  checksum: 10c0/b5bb125ee93161bc16bfe6e56c6b04de5ad2aa44234d8f644813cc95d861a6910903132b05093706de2b706599367c4130eb6d170f6b46895686b95f87d017b7
  languageName: node
  linkType: hard

"encodeurl@npm:^2.0.0":
  version: 2.0.0
  resolution: "encodeurl@npm:2.0.0"
  checksum: 10c0/5d317306acb13e6590e28e27924c754163946a2480de11865c991a3a7eed4315cd3fba378b543ca145829569eefe9b899f3d84bb09870f675ae60bc924b01ceb
  languageName: node
  linkType: hard

"escape-html@npm:^1.0.3":
  version: 1.0.3
  resolution: "escape-html@npm:1.0.3"
  checksum: 10c0/524c739d776b36c3d29fa08a22e03e8824e3b2fd57500e5e44ecf3cc4707c34c60f9ca0781c0e33d191f2991161504c295e98f68c78fe7baa6e57081ec6ac0a3
  languageName: node
  linkType: hard

"form-data-encoder@npm:^4.0.2":
  version: 4.0.2
  resolution: "form-data-encoder@npm:4.0.2"
  checksum: 10c0/559d3130e265316452434eaf68d68560fb36392ff4d04614683419de4fb43c3dbe152dc303599fae382ce24d3451a6d3d289d3bcc182ae3d8ad32e7ce8e35e53
  languageName: node
  linkType: hard

"fresh@npm:~0.5.2":
  version: 0.5.2
  resolution: "fresh@npm:0.5.2"
  checksum: 10c0/c6d27f3ed86cc5b601404822f31c900dd165ba63fff8152a3ef714e2012e7535027063bc67ded4cb5b3a49fa596495d46cacd9f47d6328459cf570f08b7d9e5a
  languageName: node
  linkType: hard

"get-stream@npm:^9.0.1":
  version: 9.0.1
  resolution: "get-stream@npm:9.0.1"
  dependencies:
    "@sec-ant/readable-stream": "npm:^0.4.1"
    is-stream: "npm:^4.0.1"
  checksum: 10c0/d70e73857f2eea1826ac570c3a912757dcfbe8a718a033fa0c23e12ac8e7d633195b01710e0559af574cbb5af101009b42df7b6f6b29ceec8dbdf7291931b948
  languageName: node
  linkType: hard

"got@npm:14.6.6":
  version: 14.6.6
  resolution: "got@npm:14.6.6"
  dependencies:
    "@sindresorhus/is": "npm:^7.0.1"
    byte-counter: "npm:^0.1.0"
    cacheable-lookup: "npm:^7.0.0"
    cacheable-request: "npm:^13.0.12"
    decompress-response: "npm:^10.0.0"
    form-data-encoder: "npm:^4.0.2"
    http2-wrapper: "npm:^2.2.1"
    keyv: "npm:^5.5.3"
    lowercase-keys: "npm:^3.0.0"
    p-cancelable: "npm:^4.0.1"
    responselike: "npm:^4.0.2"
    type-fest: "npm:^4.26.1"
  checksum: 10c0/dab4dbd35deac5634450cd745187ba68cfb9fd8d9236bec4861b633c7dc54f6383fde04cf504b16148625c307a229ff8cccf35d6622824ab13243c9d0af0fcc1
  languageName: node
  linkType: hard

"hpagent@npm:1.2.0":
  version: 1.2.0
  resolution: "hpagent@npm:1.2.0"
  checksum: 10c0/505ef42e5e067dba701ea21e7df9fa73f6f5080e59d53680829827d34cd7040f1ecf7c3c8391abe9df4eb4682ef4a4321608836b5b70a61b88c1b3a03d77510b
  languageName: node
  linkType: hard

"http-assert@npm:^1.5.0":
  version: 1.5.0
  resolution: "http-assert@npm:1.5.0"
  dependencies:
    deep-equal: "npm:~1.0.1"
    http-errors: "npm:~1.8.0"
  checksum: 10c0/7b4e631114a1a77654f9ba3feb96da305ddbdeb42112fe384b7b3249c7141e460d7177970155bea6e54e655a04850415b744b452c1fe5052eba6f4186d16b095
  languageName: node
  linkType: hard

"http-cache-semantics@npm:^4.2.0":
  version: 4.2.0
  resolution: "http-cache-semantics@npm:4.2.0"
  checksum: 10c0/45b66a945cf13ec2d1f29432277201313babf4a01d9e52f44b31ca923434083afeca03f18417f599c9ab3d0e7b618ceb21257542338b57c54b710463b4a53e37
  languageName: node
  linkType: hard

"http-errors@npm:^2.0.0":
  version: 2.0.0
  resolution: "http-errors@npm:2.0.0"
  dependencies:
    depd: "npm:2.0.0"
    inherits: "npm:2.0.4"
    setprototypeof: "npm:1.2.0"
    statuses: "npm:2.0.1"
    toidentifier: "npm:1.0.1"
  checksum: 10c0/fc6f2715fe188d091274b5ffc8b3657bd85c63e969daa68ccb77afb05b071a4b62841acb7a21e417b5539014dff2ebf9550f0b14a9ff126f2734a7c1387f8e19
  languageName: node
  linkType: hard

"http-errors@npm:~1.8.0":
  version: 1.8.1
  resolution: "http-errors@npm:1.8.1"
  dependencies:
    depd: "npm:~1.1.2"
    inherits: "npm:2.0.4"
    setprototypeof: "npm:1.2.0"
    statuses: "npm:>= 1.5.0 < 2"
    toidentifier: "npm:1.0.1"
  checksum: 10c0/f01aeecd76260a6fe7f08e192fcbe9b2f39ed20fc717b852669a69930167053b01790998275c6297d44f435cf0e30edd50c05223d1bec9bc484e6cf35b2d6f43
  languageName: node
  linkType: hard

"http2-wrapper@npm:^2.2.1":
  version: 2.2.1
  resolution: "http2-wrapper@npm:2.2.1"
  dependencies:
    quick-lru: "npm:^5.1.1"
    resolve-alpn: "npm:^1.2.0"
  checksum: 10c0/7207201d3c6e53e72e510c9b8912e4f3e468d3ecc0cf3bf52682f2aac9cd99358b896d1da4467380adc151cf97c412bedc59dc13dae90c523f42053a7449eedb
  languageName: node
  linkType: hard

"inherits@npm:2.0.4":
  version: 2.0.4
  resolution: "inherits@npm:2.0.4"
  checksum: 10c0/4e531f648b29039fb7426fb94075e6545faa1eb9fe83c29f0b6d9e7263aceb4289d2d4557db0d428188eeb449cc7c5e77b0a0b2c4e248ff2a65933a0dee49ef2
  languageName: node
  linkType: hard

"is-stream@npm:^4.0.1":
  version: 4.0.1
  resolution: "is-stream@npm:4.0.1"
  checksum: 10c0/2706c7f19b851327ba374687bc4a3940805e14ca496dc672b9629e744d143b1ad9c6f1b162dece81c7bfbc0f83b32b61ccc19ad2e05aad2dd7af347408f60c7f
  languageName: node
  linkType: hard

"keygrip@npm:~1.1.0":
  version: 1.1.0
  resolution: "keygrip@npm:1.1.0"
  dependencies:
    tsscmp: "npm:1.0.6"
  checksum: 10c0/2aceec1a1e642a0caf938044056ed67b1909cfe67a93a59b32aae2863e0f35a1a53782ecc8f9cd0e3bdb60863fa0f401ccbd257cd7dfae61915f78445139edea
  languageName: node
  linkType: hard

"keyv-lru@npm:3.0.4":
  version: 3.0.4
  resolution: "keyv-lru@npm:3.0.4"
  dependencies:
    tiny-lru: "npm:^1.6.1"
  checksum: 10c0/b8cdebe57e1f4780cce36ced8a17e19363ef042d28ef09f78c208ad175949778e36297132d8297d285a50b3bfb03927e0666f21ef4520c9d6d689b2cc3cd4eda
  languageName: node
  linkType: hard

"keyv@npm:^5.5.3":
  version: 5.5.3
  resolution: "keyv@npm:5.5.3"
  dependencies:
    "@keyv/serialize": "npm:^1.1.1"
  checksum: 10c0/6890ed8a76e6b16034ceda89a4a7dc9cd1ebd05bf0ee1f7f3d3fe37ac3e4a6196d710ab2fef3d47cf8c394b61104b3bfcab17f23cc6e0dc2dcbe36483a43f84d
  languageName: node
  linkType: hard

"koa-compose@npm:^4.1.0":
  version: 4.1.0
  resolution: "koa-compose@npm:4.1.0"
  checksum: 10c0/f1f786f994a691931148e7f38f443865bf2702af4a61610d1eea04dab79c04b1232285b59d82a0cf61c830516dd92f10ab0d009b024fcecd4098e7d296ab771a
  languageName: node
  linkType: hard

"koa@npm:3.2.0":
  version: 3.2.0
  resolution: "koa@npm:3.2.0"
  dependencies:
    accepts: "npm:^1.3.8"
    content-disposition: "npm:~1.0.1"
    content-type: "npm:^1.0.5"
    cookies: "npm:~0.9.1"
    delegates: "npm:^1.0.0"
    destroy: "npm:^1.2.0"
    encodeurl: "npm:^2.0.0"
    escape-html: "npm:^1.0.3"
    fresh: "npm:~0.5.2"
    http-assert: "npm:^1.5.0"
    http-errors: "npm:^2.0.0"
    koa-compose: "npm:^4.1.0"
    mime-types: "npm:^3.0.1"
    on-finished: "npm:^2.4.1"
    parseurl: "npm:^1.3.3"
    statuses: "npm:^2.0.1"
    type-is: "npm:^2.0.1"
    vary: "npm:^1.1.2"
  checksum: 10c0/15f5e51ba2dd3e8bb35934e49cc6b05e3831b4e89b5f5037247d1908ec23087fc9f570e90e1e7d55845696777d0324538a66f8665acc35780ad84f586098271f
  languageName: node
  linkType: hard

"lowercase-keys@npm:^3.0.0":
  version: 3.0.0
  resolution: "lowercase-keys@npm:3.0.0"
  checksum: 10c0/ef62b9fa5690ab0a6e4ef40c94efce68e3ed124f583cc3be38b26ff871da0178a28b9a84ce0c209653bb25ca135520ab87fea7cd411a54ac4899cb2f30501430
  languageName: node
  linkType: hard

"media-typer@npm:^1.1.0":
  version: 1.1.0
  resolution: "media-typer@npm:1.1.0"
  checksum: 10c0/7b4baa40b25964bb90e2121ee489ec38642127e48d0cc2b6baa442688d3fde6262bfdca86d6bbf6ba708784afcac168c06840c71facac70e390f5f759ac121b9
  languageName: node
  linkType: hard

"mime-db@npm:1.52.0":
  version: 1.52.0
  resolution: "mime-db@npm:1.52.0"
  checksum: 10c0/0557a01deebf45ac5f5777fe7740b2a5c309c6d62d40ceab4e23da9f821899ce7a900b7ac8157d4548ddbb7beffe9abc621250e6d182b0397ec7f10c7b91a5aa
  languageName: node
  linkType: hard

"mime-db@npm:^1.54.0":
  version: 1.54.0
  resolution: "mime-db@npm:1.54.0"
  checksum: 10c0/8d907917bc2a90fa2df842cdf5dfeaf509adc15fe0531e07bb2f6ab15992416479015828d6a74200041c492e42cce3ebf78e5ce714388a0a538ea9c53eece284
  languageName: node
  linkType: hard

"mime-types@npm:^3.0.0, mime-types@npm:^3.0.1":
  version: 3.0.1
  resolution: "mime-types@npm:3.0.1"
  dependencies:
    mime-db: "npm:^1.54.0"
  checksum: 10c0/bd8c20d3694548089cf229016124f8f40e6a60bbb600161ae13e45f793a2d5bb40f96bbc61f275836696179c77c1d6bf4967b2a75e0a8ad40fe31f4ed5be4da5
  languageName: node
  linkType: hard

"mime-types@npm:~2.1.34":
  version: 2.1.35
  resolution: "mime-types@npm:2.1.35"
  dependencies:
    mime-db: "npm:1.52.0"
  checksum: 10c0/82fb07ec56d8ff1fc999a84f2f217aa46cb6ed1033fefaabd5785b9a974ed225c90dc72fff460259e66b95b73648596dbcc50d51ed69cdf464af2d237d3149b2
  languageName: node
  linkType: hard

"mimic-response@npm:^4.0.0":
  version: 4.0.0
  resolution: "mimic-response@npm:4.0.0"
  checksum: 10c0/761d788d2668ae9292c489605ffd4fad220f442fbae6832adce5ebad086d691e906a6d5240c290293c7a11e99fbdbbef04abbbed498bf8699a4ee0f31315e3fb
  languageName: node
  linkType: hard

"negotiator@npm:0.6.3":
  version: 0.6.3
  resolution: "negotiator@npm:0.6.3"
  checksum: 10c0/3ec9fd413e7bf071c937ae60d572bc67155262068ed522cf4b3be5edbe6ddf67d095ec03a3a14ebf8fc8e95f8e1d61be4869db0dbb0de696f6b837358bd43fc2
  languageName: node
  linkType: hard

"normalize-url@npm:^8.1.0":
  version: 8.1.0
  resolution: "normalize-url@npm:8.1.0"
  checksum: 10c0/e9b68db5f0264ce74fc083e2120b4a40fb3248e5dceec5f795bddcee0311b3613f858c9a65f258614fac2776b8e9957023bea8fe7299db1496b3cd1c75976cfe
  languageName: node
  linkType: hard

"on-finished@npm:^2.4.1":
  version: 2.4.1
  resolution: "on-finished@npm:2.4.1"
  dependencies:
    ee-first: "npm:1.1.1"
  checksum: 10c0/46fb11b9063782f2d9968863d9cbba33d77aa13c17f895f56129c274318b86500b22af3a160fe9995aa41317efcd22941b6eba747f718ced08d9a73afdb087b4
  languageName: node
  linkType: hard

"p-cancelable@npm:^4.0.1":
  version: 4.0.1
  resolution: "p-cancelable@npm:4.0.1"
  checksum: 10c0/12636623f46784ba962b6fe7a1f34d021f1d9a2cc12c43e270baa715ea872d5c8c7d9f086ed420b8b9817e91d9bbe92c14c90e5dddd4a9968c81a2a7aef7089d
  languageName: node
  linkType: hard

"parseurl@npm:^1.3.3":
  version: 1.3.3
  resolution: "parseurl@npm:1.3.3"
  checksum: 10c0/90dd4760d6f6174adb9f20cf0965ae12e23879b5f5464f38e92fce8073354341e4b3b76fa3d878351efe7d01e617121955284cfd002ab087fba1a0726ec0b4f5
  languageName: node
  linkType: hard

"quick-lru@npm:^5.1.1":
  version: 5.1.1
  resolution: "quick-lru@npm:5.1.1"
  checksum: 10c0/a24cba5da8cec30d70d2484be37622580f64765fb6390a928b17f60cd69e8dbd32a954b3ff9176fa1b86d86ff2ba05252fae55dc4d40d0291c60412b0ad096da
  languageName: node
  linkType: hard

"resolve-alpn@npm:^1.2.0":
  version: 1.2.1
  resolution: "resolve-alpn@npm:1.2.1"
  checksum: 10c0/b70b29c1843bc39781ef946c8cd4482e6d425976599c0f9c138cec8209e4e0736161bf39319b01676a847000085dfdaf63583c6fb4427bf751a10635bd2aa0c4
  languageName: node
  linkType: hard

"responselike@npm:^3.0.0":
  version: 3.0.0
  resolution: "responselike@npm:3.0.0"
  dependencies:
    lowercase-keys: "npm:^3.0.0"
  checksum: 10c0/8af27153f7e47aa2c07a5f2d538cb1e5872995f0e9ff77def858ecce5c3fe677d42b824a62cde502e56d275ab832b0a8bd350d5cd6b467ac0425214ac12ae658
  languageName: node
  linkType: hard

"responselike@npm:^4.0.2":
  version: 4.0.2
  resolution: "responselike@npm:4.0.2"
  dependencies:
    lowercase-keys: "npm:^3.0.0"
  checksum: 10c0/8366407fc7f12466dd52682483a31dd6ca892481365caadea9a380196d8a6238650e064531087bebd25d7e9393f491efc2dad723fadc54db7a2b442dba8ef588
  languageName: node
  linkType: hard

"root-workspace-0b6124@workspace:.":
  version: 0.0.0-use.local
  resolution: "root-workspace-0b6124@workspace:."
  dependencies:
    "@rstest/core": "npm:0.9.10"
    got: "npm:14.6.6"
    hpagent: "npm:1.2.0"
    keyv-lru: "npm:3.0.4"
    koa: "npm:3.2.0"
  languageName: unknown
  linkType: soft

"setprototypeof@npm:1.2.0":
  version: 1.2.0
  resolution: "setprototypeof@npm:1.2.0"
  checksum: 10c0/68733173026766fa0d9ecaeb07f0483f4c2dc70ca376b3b7c40b7cda909f94b0918f6c5ad5ce27a9160bdfb475efaa9d5e705a11d8eaae18f9835d20976028bc
  languageName: node
  linkType: hard

"statuses@npm:2.0.1":
  version: 2.0.1
  resolution: "statuses@npm:2.0.1"
  checksum: 10c0/34378b207a1620a24804ce8b5d230fea0c279f00b18a7209646d5d47e419d1cc23e7cbf33a25a1e51ac38973dc2ac2e1e9c647a8e481ef365f77668d72becfd0
  languageName: node
  linkType: hard

"statuses@npm:>= 1.5.0 < 2":
  version: 1.5.0
  resolution: "statuses@npm:1.5.0"
  checksum: 10c0/e433900956357b3efd79b1c547da4d291799ac836960c016d10a98f6a810b1b5c0dcc13b5a7aa609a58239b5190e1ea176ad9221c2157d2fd1c747393e6b2940
  languageName: node
  linkType: hard

"statuses@npm:^2.0.1":
  version: 2.0.2
  resolution: "statuses@npm:2.0.2"
  checksum: 10c0/a9947d98ad60d01f6b26727570f3bcceb6c8fa789da64fe6889908fe2e294d57503b14bf2b5af7605c2d36647259e856635cd4c49eab41667658ec9d0080ec3f
  languageName: node
  linkType: hard

"tiny-lru@npm:^1.6.1":
  version: 1.6.4
  resolution: "tiny-lru@npm:1.6.4"
  checksum: 10c0/418ac1483e780b9d4f5837dbfb1780be4f08005268bf7c38b77b5499f798ffbdf501eb188c06156127c7f3631da66186f93ccf100a1c8505e632aa37d967460f
  languageName: node
  linkType: hard

"tinypool@npm:^2.1.0":
  version: 2.1.0
  resolution: "tinypool@npm:2.1.0"
  checksum: 10c0/9fb1c760558c6264e0f4cfde96a63b12450b43f1730fbe6274aa24ddbdf488745c08924d0dea7a1303b47d555416a6415f2113898c69b6ecf731e75ac95238a5
  languageName: node
  linkType: hard

"toidentifier@npm:1.0.1":
  version: 1.0.1
  resolution: "toidentifier@npm:1.0.1"
  checksum: 10c0/93937279934bd66cc3270016dd8d0afec14fb7c94a05c72dc57321f8bd1fa97e5bea6d1f7c89e728d077ca31ea125b78320a616a6c6cd0e6b9cb94cb864381c1
  languageName: node
  linkType: hard

"tslib@npm:^2.4.0, tslib@npm:^2.8.0":
  version: 2.8.1
  resolution: "tslib@npm:2.8.1"
  checksum: 10c0/9c4759110a19c53f992d9aae23aac5ced636e99887b51b9e61def52611732872ff7668757d4e4c61f19691e36f4da981cd9485e869b4a7408d689f6bf1f14e62
  languageName: node
  linkType: hard

"tsscmp@npm:1.0.6":
  version: 1.0.6
  resolution: "tsscmp@npm:1.0.6"
  checksum: 10c0/2f79a9455e7e3e8071995f98cdf3487ccfc91b760bec21a9abb4d90519557eafaa37246e87c92fa8bf3fef8fd30cfd0cc3c4212bb929baa9fb62494bfa4d24b2
  languageName: node
  linkType: hard

"type-fest@npm:^4.26.1":
  version: 4.26.1
  resolution: "type-fest@npm:4.26.1"
  checksum: 10c0/d2719ff8d380befe8a3c61068f37f28d6fa2849fd140c5d2f0f143099e371da6856aad7c97e56b83329d45bfe504afe9fd936a7cff600cc0d46aa9ffb008d6c6
  languageName: node
  linkType: hard

"type-is@npm:^2.0.1":
  version: 2.0.1
  resolution: "type-is@npm:2.0.1"
  dependencies:
    content-type: "npm:^1.0.5"
    media-typer: "npm:^1.1.0"
    mime-types: "npm:^3.0.0"
  checksum: 10c0/7f7ec0a060b16880bdad36824ab37c26019454b67d73e8a465ed5a3587440fbe158bc765f0da68344498235c877e7dbbb1600beccc94628ed05599d667951b99
  languageName: node
  linkType: hard

"vary@npm:^1.1.2":
  version: 1.1.2
  resolution: "vary@npm:1.1.2"
  checksum: 10c0/f15d588d79f3675135ba783c91a4083dcd290a2a5be9fcb6514220a1634e23df116847b1cc51f66bfb0644cf9353b2abb7815ae499bab06e46dd33c1a6bf1f4f
  languageName: node
  linkType: hard
